# This file is autogenerated, do not edit; changes may be undone by the next 'dep ensure'.


[[projects]]
  branch = "master"
  name = "github.com/thingful/zenroom-go"
  packages = ["."]
  revision = "068abfe6ae2e5e7bc440e7dc52230d168386c537"

[solve-meta]
  analyzer-name = "dep"
  analyzer-version = 1
  inputs-digest = "5bd9233949cf33e4ac5052f734ea01274d69c4f80e52a03501238aeb5641d985"
  solver-name = "gps-cdcl"
  solver-version = 1
